
Microsoft Visual Studio Solution File, Format Version 12.00
# Visual Studio 15
VisualStudioVersion = 15.0.26228.4
MinimumVisualStudioVersion = 10.0.40219.1
Project("{9A19103F-16F7-4668-BE54-9A1E7A4F7556}") = "SimpleSurvey", "SimpleSurvey\SimpleSurvey.csproj", "{9B836E08-E142-4214-A7F5-19297AC4B265}"
EndProject
Project("{FAE04EC0-301F-11D3-BF4B-00C04F79EFBC}") = "Auth", "Auth\Auth.csproj", "{9FAD3A98-825E-4775-8055-6B5BD7D9BF05}"
EndProject
Global
	GlobalSection(SolutionConfigurationPlatforms) = preSolution
		Debug|Any CPU = Debug|Any CPU
		Release|Any CPU = Release|Any CPU
	EndGlobalSection
	GlobalSection(ProjectConfigurationPlatforms) = postSolution
		{9B836E08-E142-4214-A7F5-19297AC4B265}.Debug|Any CPU.ActiveCfg = Debug|Any CPU
		{9B836E08-E142-4214-A7F5-19297AC4B265}.Debug|Any CPU.Build.0 = Debug|Any CPU
		{9B836E08-E142-4214-A7F5-19297AC4B265}.Release|Any CPU.ActiveCfg = Release|Any CPU
		{9B836E08-E142-4214-A7F5-19297AC4B265}.Release|Any CPU.Build.0 = Release|Any CPU
		{9FAD3A98-825E-4775-8055-6B5BD7D9BF05}.Debug|Any CPU.ActiveCfg = Debug|Any CPU
		{9FAD3A98-825E-4775-8055-6B5BD7D9BF05}.Debug|Any CPU.Build.0 = Debug|Any CPU
		{9FAD3A98-825E-4775-8055-6B5BD7D9BF05}.Release|Any CPU.ActiveCfg = Release|Any CPU
		{9FAD3A98-825E-4775-8055-6B5BD7D9BF05}.Release|Any CPU.Build.0 = Release|Any CPU
	EndGlobalSection
	GlobalSection(SolutionProperties) = preSolution
		HideSolutionNode = FALSE
	EndGlobalSection
	GlobalSection(ExtensibilityGlobals) = postSolution
		SolutionGuid = {E744FFF6-E41C-4679-9D7A-095725DC068E}
	EndGlobalSection
EndGlobal
